Microsoft Visual Studio Solution File, Format Version 12.00
# Visual Studio Version 17
VisualStudioVersion = 17.5.2.0
MinimumVisualStudioVersion = 10.0.40219.1
Project("{FAE04EC0-301F-11D3-BF4B-00C04F79EFBC}") = "10-basics", "10-basics.csproj", "{1A05BEEF-67D0-E5BB-31E5-A9EDB19BE364}"
EndProject
Global
	GlobalSection(SolutionConfigurationPlatforms) = preSolution
		Debug|Any CPU = Debug|Any CPU
		Release|Any CPU = Release|Any CPU
	EndGlobalSection
	GlobalSection(ProjectConfigurationPlatforms) = postSolution
		{1A05BEEF-67D0-E5BB-31E5-A9EDB19BE364}.Debug|Any CPU.ActiveCfg = Debug|Any CPU
		{1A05BEEF-67D0-E5BB-31E5-A9EDB19BE364}.Debug|Any CPU.Build.0 = Debug|Any CPU
		{1A05BEEF-67D0-E5BB-31E5-A9EDB19BE364}.Release|Any CPU.ActiveCfg = Release|Any CPU
		{1A05BEEF-67D0-E5BB-31E5-A9EDB19BE364}.Release|Any CPU.Build.0 = Release|Any CPU
	EndGlobalSection
	GlobalSection(SolutionProperties) = preSolution
		HideSolutionNode = FALSE
	EndGlobalSection
	GlobalSection(ExtensibilityGlobals) = postSolution
		SolutionGuid = {044FC4D9-182A-445F-B376-D15E1601662E}
	EndGlobalSection
EndGlobal
