
Microsoft Visual Studio Solution File, Format Version 12.00
# Visual Studio Version 17
VisualStudioVersion = 17.0.31903.59
MinimumVisualStudioVersion = 10.0.40219.1
Project("{FAE04EC0-301F-11D3-BF4B-00C04F79EFBC}") = "AppHost", "AppHost\AppHost.csproj", "{97B8DD08-4936-4CC0-9503-786CDAE517AC}"
EndProject
Project("{FAE04EC0-301F-11D3-BF4B-00C04F79EFBC}") = "ServiceDefaults", "ServiceDefaults\ServiceDefaults.csproj", "{00F29A8C-3F0F-48E7-8F6E-3B84DD9FF556}"
EndProject
Project("{FAE04EC0-301F-11D3-BF4B-00C04F79EFBC}") = "AppServices", "AppServices\AppServices.csproj", "{92FDF3F8-511B-4A9A-AB53-7C5E22CA45A5}"
EndProject
Project("{FAE04EC0-301F-11D3-BF4B-00C04F79EFBC}") = "Importer", "Importer\Importer.csproj", "{EE6A56AB-1ACA-43E8-ADB4-596776CD46AC}"
EndProject
Project("{FAE04EC0-301F-11D3-BF4B-00C04F79EFBC}") = "WebApi", "WebApi\WebApi.csproj", "{1912ABBD-AFDF-4ACE-B062-4D80A8378E41}"
EndProject
Project("{FAE04EC0-301F-11D3-BF4B-00C04F79EFBC}") = "AppServicesTests", "AppServicesTests\AppServicesTests.csproj", "{87470C27-A0EF-4092-B599-F376D2846B6B}"
EndProject
Project("{FAE04EC0-301F-11D3-BF4B-00C04F79EFBC}") = "WebApiTests", "WebApiTests\WebApiTests.csproj", "{4F74D206-0028-44B7-97D6-746523D163F1}"
EndProject
Project("{FAE04EC0-301F-11D3-BF4B-00C04F79EFBC}") = "ImporterTests", "ImporterTests\ImporterTests.csproj", "{6B48B4C9-8CD4-440F-97B4-4E8F245618EE}"
EndProject
Project("{FAE04EC0-301F-11D3-BF4B-00C04F79EFBC}") = "TestInfrastructure", "TestInfrastructure\TestInfrastructure.csproj", "{0C96B8E3-B166-4BA8-878A-32E128C0D6A3}"
EndProject
Global
	GlobalSection(SolutionConfigurationPlatforms) = preSolution
		Debug|Any CPU = Debug|Any CPU
		Debug|x64 = Debug|x64
		Debug|x86 = Debug|x86
		Release|Any CPU = Release|Any CPU
		Release|x64 = Release|x64
		Release|x86 = Release|x86
	EndGlobalSection
	GlobalSection(ProjectConfigurationPlatforms) = postSolution
		{97B8DD08-4936-4CC0-9503-786CDAE517AC}.Debug|Any CPU.ActiveCfg = Debug|Any CPU
		{97B8DD08-4936-4CC0-9503-786CDAE517AC}.Debug|Any CPU.Build.0 = Debug|Any CPU
		{97B8DD08-4936-4CC0-9503-786CDAE517AC}.Debug|x64.ActiveCfg = Debug|Any CPU
		{97B8DD08-4936-4CC0-9503-786CDAE517AC}.Debug|x64.Build.0 = Debug|Any CPU
		{97B8DD08-4936-4CC0-9503-786CDAE517AC}.Debug|x86.ActiveCfg = Debug|Any CPU
		{97B8DD08-4936-4CC0-9503-786CDAE517AC}.Debug|x86.Build.0 = Debug|Any CPU
		{97B8DD08-4936-4CC0-9503-786CDAE517AC}.Release|Any CPU.ActiveCfg = Release|Any CPU
		{97B8DD08-4936-4CC0-9503-786CDAE517AC}.Release|Any CPU.Build.0 = Release|Any CPU
		{97B8DD08-4936-4CC0-9503-786CDAE517AC}.Release|x64.ActiveCfg = Release|Any CPU
		{97B8DD08-4936-4CC0-9503-786CDAE517AC}.Release|x64.Build.0 = Release|Any CPU
		{97B8DD08-4936-4CC0-9503-786CDAE517AC}.Release|x86.ActiveCfg = Release|Any CPU
		{97B8DD08-4936-4CC0-9503-786CDAE517AC}.Release|x86.Build.0 = Release|Any CPU
		{00F29A8C-3F0F-48E7-8F6E-3B84DD9FF556}.Debug|Any CPU.ActiveCfg = Debug|Any CPU
		{00F29A8C-3F0F-48E7-8F6E-3B84DD9FF556}.Debug|Any CPU.Build.0 = Debug|Any CPU
		{00F29A8C-3F0F-48E7-8F6E-3B84DD9FF556}.Debug|x64.ActiveCfg = Debug|Any CPU
		{00F29A8C-3F0F-48E7-8F6E-3B84DD9FF556}.Debug|x64.Build.0 = Debug|Any CPU
		{00F29A8C-3F0F-48E7-8F6E-3B84DD9FF556}.Debug|x86.ActiveCfg = Debug|Any CPU
		{00F29A8C-3F0F-48E7-8F6E-3B84DD9FF556}.Debug|x86.Build.0 = Debug|Any CPU
		{00F29A8C-3F0F-48E7-8F6E-3B84DD9FF556}.Release|Any CPU.ActiveCfg = Release|Any CPU
		{00F29A8C-3F0F-48E7-8F6E-3B84DD9FF556}.Release|Any CPU.Build.0 = Release|Any CPU
		{00F29A8C-3F0F-48E7-8F6E-3B84DD9FF556}.Release|x64.ActiveCfg = Release|Any CPU
		{00F29A8C-3F0F-48E7-8F6E-3B84DD9FF556}.Release|x64.Build.0 = Release|Any CPU
		{00F29A8C-3F0F-48E7-8F6E-3B84DD9FF556}.Release|x86.ActiveCfg = Release|Any CPU
		{00F29A8C-3F0F-48E7-8F6E-3B84DD9FF556}.Release|x86.Build.0 = Release|Any CPU
		{92FDF3F8-511B-4A9A-AB53-7C5E22CA45A5}.Debug|Any CPU.ActiveCfg = Debug|Any CPU
		{92FDF3F8-511B-4A9A-AB53-7C5E22CA45A5}.Debug|Any CPU.Build.0 = Debug|Any CPU
		{92FDF3F8-511B-4A9A-AB53-7C5E22CA45A5}.Debug|x64.ActiveCfg = Debug|Any CPU
		{92FDF3F8-511B-4A9A-AB53-7C5E22CA45A5}.Debug|x64.Build.0 = Debug|Any CPU
		{92FDF3F8-511B-4A9A-AB53-7C5E22CA45A5}.Debug|x86.ActiveCfg = Debug|Any CPU
		{92FDF3F8-511B-4A9A-AB53-7C5E22CA45A5}.Debug|x86.Build.0 = Debug|Any CPU
		{92FDF3F8-511B-4A9A-AB53-7C5E22CA45A5}.Release|Any CPU.ActiveCfg = Release|Any CPU
		{92FDF3F8-511B-4A9A-AB53-7C5E22CA45A5}.Release|Any CPU.Build.0 = Release|Any CPU
		{92FDF3F8-511B-4A9A-AB53-7C5E22CA45A5}.Release|x64.ActiveCfg = Release|Any CPU
		{92FDF3F8-511B-4A9A-AB53-7C5E22CA45A5}.Release|x64.Build.0 = Release|Any CPU
		{92FDF3F8-511B-4A9A-AB53-7C5E22CA45A5}.Release|x86.ActiveCfg = Release|Any CPU
		{92FDF3F8-511B-4A9A-AB53-7C5E22CA45A5}.Release|x86.Build.0 = Release|Any CPU
		{EE6A56AB-1ACA-43E8-ADB4-596776CD46AC}.Debug|Any CPU.ActiveCfg = Debug|Any CPU
		{EE6A56AB-1ACA-43E8-ADB4-596776CD46AC}.Debug|Any CPU.Build.0 = Debug|Any CPU
		{EE6A56AB-1ACA-43E8-ADB4-596776CD46AC}.Debug|x64.ActiveCfg = Debug|Any CPU
		{EE6A56AB-1ACA-43E8-ADB4-596776CD46AC}.Debug|x64.Build.0 = Debug|Any CPU
		{EE6A56AB-1ACA-43E8-ADB4-596776CD46AC}.Debug|x86.ActiveCfg = Debug|Any CPU
		{EE6A56AB-1ACA-43E8-ADB4-596776CD46AC}.Debug|x86.Build.0 = Debug|Any CPU
		{EE6A56AB-1ACA-43E8-ADB4-596776CD46AC}.Release|Any CPU.ActiveCfg = Release|Any CPU
		{EE6A56AB-1ACA-43E8-ADB4-596776CD46AC}.Release|Any CPU.Build.0 = Release|Any CPU
		{EE6A56AB-1ACA-43E8-ADB4-596776CD46AC}.Release|x64.ActiveCfg = Release|Any CPU
		{EE6A56AB-1ACA-43E8-ADB4-596776CD46AC}.Release|x64.Build.0 = Release|Any CPU
		{EE6A56AB-1ACA-43E8-ADB4-596776CD46AC}.Release|x86.ActiveCfg = Release|Any CPU
		{EE6A56AB-1ACA-43E8-ADB4-596776CD46AC}.Release|x86.Build.0 = Release|Any CPU
		{1912ABBD-AFDF-4ACE-B062-4D80A8378E41}.Debug|Any CPU.ActiveCfg = Debug|Any CPU
		{1912ABBD-AFDF-4ACE-B062-4D80A8378E41}.Debug|Any CPU.Build.0 = Debug|Any CPU
		{1912ABBD-AFDF-4ACE-B062-4D80A8378E41}.Debug|x64.ActiveCfg = Debug|Any CPU
		{1912ABBD-AFDF-4ACE-B062-4D80A8378E41}.Debug|x64.Build.0 = Debug|Any CPU
		{1912ABBD-AFDF-4ACE-B062-4D80A8378E41}.Debug|x86.ActiveCfg = Debug|Any CPU
		{1912ABBD-AFDF-4ACE-B062-4D80A8378E41}.Debug|x86.Build.0 = Debug|Any CPU
		{1912ABBD-AFDF-4ACE-B062-4D80A8378E41}.Release|Any CPU.ActiveCfg = Release|Any CPU
		{1912ABBD-AFDF-4ACE-B062-4D80A8378E41}.Release|Any CPU.Build.0 = Release|Any CPU
		{1912ABBD-AFDF-4ACE-B062-4D80A8378E41}.Release|x64.ActiveCfg = Release|Any CPU
		{1912ABBD-AFDF-4ACE-B062-4D80A8378E41}.Release|x64.Build.0 = Release|Any CPU
		{1912ABBD-AFDF-4ACE-B062-4D80A8378E41}.Release|x86.ActiveCfg = Release|Any CPU
		{1912ABBD-AFDF-4ACE-B062-4D80A8378E41}.Release|x86.Build.0 = Release|Any CPU
		{87470C27-A0EF-4092-B599-F376D2846B6B}.Debug|Any CPU.ActiveCfg = Debug|Any CPU
		{87470C27-A0EF-4092-B599-F376D2846B6B}.Debug|Any CPU.Build.0 = Debug|Any CPU
		{87470C27-A0EF-4092-B599-F376D2846B6B}.Debug|x64.ActiveCfg = Debug|Any CPU
		{87470C27-A0EF-4092-B599-F376D2846B6B}.Debug|x64.Build.0 = Debug|Any CPU
		{87470C27-A0EF-4092-B599-F376D2846B6B}.Debug|x86.ActiveCfg = Debug|Any CPU
		{87470C27-A0EF-4092-B599-F376D2846B6B}.Debug|x86.Build.0 = Debug|Any CPU
		{87470C27-A0EF-4092-B599-F376D2846B6B}.Release|Any CPU.ActiveCfg = Release|Any CPU
		{87470C27-A0EF-4092-B599-F376D2846B6B}.Release|Any CPU.Build.0 = Release|Any CPU
		{87470C27-A0EF-4092-B599-F376D2846B6B}.Release|x64.ActiveCfg = Release|Any CPU
		{87470C27-A0EF-4092-B599-F376D2846B6B}.Release|x64.Build.0 = Release|Any CPU
		{87470C27-A0EF-4092-B599-F376D2846B6B}.Release|x86.ActiveCfg = Release|Any CPU
		{87470C27-A0EF-4092-B599-F376D2846B6B}.Release|x86.Build.0 = Release|Any CPU
		{4F74D206-0028-44B7-97D6-746523D163F1}.Debug|Any CPU.ActiveCfg = Debug|Any CPU
		{4F74D206-0028-44B7-97D6-746523D163F1}.Debug|Any CPU.Build.0 = Debug|Any CPU
		{4F74D206-0028-44B7-97D6-746523D163F1}.Debug|x64.ActiveCfg = Debug|Any CPU
		{4F74D206-0028-44B7-97D6-746523D163F1}.Debug|x64.Build.0 = Debug|Any CPU
		{4F74D206-0028-44B7-97D6-746523D163F1}.Debug|x86.ActiveCfg = Debug|Any CPU
		{4F74D206-0028-44B7-97D6-746523D163F1}.Debug|x86.Build.0 = Debug|Any CPU
		{4F74D206-0028-44B7-97D6-746523D163F1}.Release|Any CPU.ActiveCfg = Release|Any CPU
		{4F74D206-0028-44B7-97D6-746523D163F1}.Release|Any CPU.Build.0 = Release|Any CPU
		{4F74D206-0028-44B7-97D6-746523D163F1}.Release|x64.ActiveCfg = Release|Any CPU
		{4F74D206-0028-44B7-97D6-746523D163F1}.Release|x64.Build.0 = Release|Any CPU
		{4F74D206-0028-44B7-97D6-746523D163F1}.Release|x86.ActiveCfg = Release|Any CPU
		{4F74D206-0028-44B7-97D6-746523D163F1}.Release|x86.Build.0 = Release|Any CPU
		{6B48B4C9-8CD4-440F-97B4-4E8F245618EE}.Debug|Any CPU.ActiveCfg = Debug|Any CPU
		{6B48B4C9-8CD4-440F-97B4-4E8F245618EE}.Debug|Any CPU.Build.0 = Debug|Any CPU
		{6B48B4C9-8CD4-440F-97B4-4E8F245618EE}.Debug|x64.ActiveCfg = Debug|Any CPU
		{6B48B4C9-8CD4-440F-97B4-4E8F245618EE}.Debug|x64.Build.0 = Debug|Any CPU
		{6B48B4C9-8CD4-440F-97B4-4E8F245618EE}.Debug|x86.ActiveCfg = Debug|Any CPU
		{6B48B4C9-8CD4-440F-97B4-4E8F245618EE}.Debug|x86.Build.0 = Debug|Any CPU
		{6B48B4C9-8CD4-440F-97B4-4E8F245618EE}.Release|Any CPU.ActiveCfg = Release|Any CPU
		{6B48B4C9-8CD4-440F-97B4-4E8F245618EE}.Release|Any CPU.Build.0 = Release|Any CPU
		{6B48B4C9-8CD4-440F-97B4-4E8F245618EE}.Release|x64.ActiveCfg = Release|Any CPU
		{6B48B4C9-8CD4-440F-97B4-4E8F245618EE}.Release|x64.Build.0 = Release|Any CPU
		{6B48B4C9-8CD4-440F-97B4-4E8F245618EE}.Release|x86.ActiveCfg = Release|Any CPU
		{6B48B4C9-8CD4-440F-97B4-4E8F245618EE}.Release|x86.Build.0 = Release|Any CPU
		{0C96B8E3-B166-4BA8-878A-32E128C0D6A3}.Debug|Any CPU.ActiveCfg = Debug|Any CPU
		{0C96B8E3-B166-4BA8-878A-32E128C0D6A3}.Debug|Any CPU.Build.0 = Debug|Any CPU
		{0C96B8E3-B166-4BA8-878A-32E128C0D6A3}.Debug|x64.ActiveCfg = Debug|Any CPU
		{0C96B8E3-B166-4BA8-878A-32E128C0D6A3}.Debug|x64.Build.0 = Debug|Any CPU
		{0C96B8E3-B166-4BA8-878A-32E128C0D6A3}.Debug|x86.ActiveCfg = Debug|Any CPU
		{0C96B8E3-B166-4BA8-878A-32E128C0D6A3}.Debug|x86.Build.0 = Debug|Any CPU
		{0C96B8E3-B166-4BA8-878A-32E128C0D6A3}.Release|Any CPU.ActiveCfg = Release|Any CPU
		{0C96B8E3-B166-4BA8-878A-32E128C0D6A3}.Release|Any CPU.Build.0 = Release|Any CPU
		{0C96B8E3-B166-4BA8-878A-32E128C0D6A3}.Release|x64.ActiveCfg = Release|Any CPU
		{0C96B8E3-B166-4BA8-878A-32E128C0D6A3}.Release|x64.Build.0 = Release|Any CPU
		{0C96B8E3-B166-4BA8-878A-32E128C0D6A3}.Release|x86.ActiveCfg = Release|Any CPU
		{0C96B8E3-B166-4BA8-878A-32E128C0D6A3}.Release|x86.Build.0 = Release|Any CPU
	EndGlobalSection
	GlobalSection(SolutionProperties) = preSolution
		HideSolutionNode = FALSE
	EndGlobalSection
EndGlobal
